// !$*UTF8*$!
{
	archiveVersion = 1;
	classes = {
	};
	objectVersion = 46;
	objects = {

/* Begin PBXBuildFile section */
		3A09E8ED1997A0C900328A1D /* ICTextView.m in Sources */ = {isa = PBXBuildFile; fileRef = 3A09E8EC1997A0C900328A1D /* ICTextView.m */; };
		3A3C8F6A199FE20200EA3080 /* ICRegularExpression.m in Sources */ = {isa = PBXBuildFile; fileRef = 3A3C8F69199FE20200EA3080 /* ICRegularExpression.m */; };
		3A3C8F6E19A150B200EA3080 /* ICRangeUtils.m in Sources */ = {isa = PBXBuildFile; fileRef = 3A3C8F6D19A150B200EA3080 /* ICRangeUtils.m */; };
		3AE5DAAF1828FE9600E8EB28 /* Foundation.framework in Frameworks */ = {isa = PBXBuildFile; fileRef = 3AE5DAAE1828FE9600E8EB28 /* Foundation.framework */; };
		3AE5DAB11828FE9600E8EB28 /* CoreGraphics.framework in Frameworks */ = {isa = PBXBuildFile; fileRef = 3AE5DAB01828FE9600E8EB28 /* CoreGraphics.framework */; };
		3AE5DAB31828FE9600E8EB28 /* UIKit.framework in Frameworks */ = {isa = PBXBuildFile; fileRef = 3AE5DAB21828FE9600E8EB28 /* UIKit.framework */; };
		CC1005041A34D2CD00DB00DD /* ICAppDelegate.m in Sources */ = {isa = PBXBuildFile; fileRef = CC1004FC1A34D2CD00DB00DD /* ICAppDelegate.m */; };
		CC1005051A34D2CD00DB00DD /* ICViewController.m in Sources */ = {isa = PBXBuildFile; fileRef = CC1004FE1A34D2CD00DB00DD /* ICViewController.m */; };
		CC1005061A34D2CD00DB00DD /* main.m in Sources */ = {isa = PBXBuildFile; fileRef = CC1004FF1A34D2CD00DB00DD /* main.m */; };
		CC542B411A3719DA0094E5D1 /* Default-568h@2x.png in Resources */ = {isa = PBXBuildFile; fileRef = CC542B3E1A3719DA0094E5D1 /* Default-568h@2x.png */; };
		CC542B421A3719DA0094E5D1 /* Default-667h@2x.png in Resources */ = {isa = PBXBuildFile; fileRef = CC542B3F1A3719DA0094E5D1 /* Default-667h@2x.png */; };
		CC542B431A3719DA0094E5D1 /* Default-736h@3x.png in Resources */ = {isa = PBXBuildFile; fileRef = CC542B401A3719DA0094E5D1 /* Default-736h@3x.png */; };
		CCC580601A307FD100EADAAB /* ICTextView.h in Resources */ = {isa = PBXBuildFile; fileRef = 3A09E8EB1997A0C900328A1D /* ICTextView.h */; };
/* End PBXBuildFile section */

/* Begin PBXFileReference section */
		3A09E8EB1997A0C900328A1D /* ICTextView.h */ = {isa = PBXFileReference; fileEncoding = 4; lastKnownFileType = sourcecode.c.h; path = ICTextView.h; sourceTree = "<group>"; };
		3A09E8EC1997A0C900328A1D /* ICTextView.m */ = {isa = PBXFileReference; fileEncoding = 4; lastKnownFileType = sourcecode.c.objc; path = ICTextView.m; sourceTree = "<group>"; };
		3A3C8F68199FE20200EA3080 /* ICRegularExpression.h */ = {isa = PBXFileReference; fileEncoding = 4; lastKnownFileType = sourcecode.c.h; path = ICRegularExpression.h; sourceTree = "<group>"; };
		3A3C8F69199FE20200EA3080 /* ICRegularExpression.m */ = {isa = PBXFileReference; fileEncoding = 4; lastKnownFileType = sourcecode.c.objc; path = ICRegularExpression.m; sourceTree = "<group>"; };
		3A3C8F6B199FE64C00EA3080 /* ICPreprocessor.h */ = {isa = PBXFileReference; lastKnownFileType = sourcecode.c.h; path = ICPreprocessor.h; sourceTree = "<group>"; };
		3A3C8F6C19A150B200EA3080 /* ICRangeUtils.h */ = {isa = PBXFileReference; fileEncoding = 4; lastKnownFileType = sourcecode.c.h; path = ICRangeUtils.h; sourceTree = "<group>"; };
		3A3C8F6D19A150B200EA3080 /* ICRangeUtils.m */ = {isa = PBXFileReference; fileEncoding = 4; lastKnownFileType = sourcecode.c.objc; path = ICRangeUtils.m; sourceTree = "<group>"; };
		3AE5DAAB1828FE9600E8EB28 /* ICTextViewExample.app */ = {isa = PBXFileReference; explicitFileType = wrapper.application; includeInIndex = 0; path = ICTextViewExample.app; sourceTree = BUILT_PRODUCTS_DIR; };
		3AE5DAAE1828FE9600E8EB28 /* Foundation.framework */ = {isa = PBXFileReference; lastKnownFileType = wrapper.framework; name = Foundation.framework; path = System/Library/Frameworks/Foundation.framework; sourceTree = SDKROOT; };
		3AE5DAB01828FE9600E8EB28 /* CoreGraphics.framework */ = {isa = PBXFileReference; lastKnownFileType = wrapper.framework; name = CoreGraphics.framework; path = System/Library/Frameworks/CoreGraphics.framework; sourceTree = SDKROOT; };
		3AE5DAB21828FE9600E8EB28 /* UIKit.framework */ = {isa = PBXFileReference; lastKnownFileType = wrapper.framework; name = UIKit.framework; path = System/Library/Frameworks/UIKit.framework; sourceTree = SDKROOT; };
		3AE5DAC71828FE9600E8EB28 /* XCTest.framework */ = {isa = PBXFileReference; lastKnownFileType = wrapper.framework; name = XCTest.framework; path = Library/Frameworks/XCTest.framework; sourceTree = DEVELOPER_DIR; };
		CC1004FB1A34D2CD00DB00DD /* ICAppDelegate.h */ = {isa = PBXFileReference; fileEncoding = 4; lastKnownFileType = sourcecode.c.h; path = ICAppDelegate.h; sourceTree = "<group>"; };
		CC1004FC1A34D2CD00DB00DD /* ICAppDelegate.m */ = {isa = PBXFileReference; fileEncoding = 4; lastKnownFileType = sourcecode.c.objc; path = ICAppDelegate.m; sourceTree = "<group>"; };
		CC1004FD1A34D2CD00DB00DD /* ICViewController.h */ = {isa = PBXFileReference; fileEncoding = 4; lastKnownFileType = sourcecode.c.h; path = ICViewController.h; sourceTree = "<group>"; };
		CC1004FE1A34D2CD00DB00DD /* ICViewController.m */ = {isa = PBXFileReference; fileEncoding = 4; lastKnownFileType = sourcecode.c.objc; path = ICViewController.m; sourceTree = "<group>"; };
		CC1004FF1A34D2CD00DB00DD /* main.m */ = {isa = PBXFileReference; fileEncoding = 4; lastKnownFileType = sourcecode.c.objc; path = main.m; sourceTree = "<group>"; };
		CC1005011A34D2CD00DB00DD /* ICTextViewExample-Prefix.pch */ = {isa = PBXFileReference; fileEncoding = 4; lastKnownFileType = sourcecode.c.h; path = "ICTextViewExample-Prefix.pch"; sourceTree = "<group>"; };
		CC1005031A34D2CD00DB00DD /* ICTextViewExample-Info.plist */ = {isa = PBXFileReference; fileEncoding = 4; lastKnownFileType = text.plist.xml; path = "ICTextViewExample-Info.plist"; sourceTree = "<group>"; };
		CC1005081A34D36200DB00DD /* Preprocessor.h */ = {isa = PBXFileReference; fileEncoding = 4; lastKnownFileType = sourcecode.c.h; path = Preprocessor.h; sourceTree = "<group>"; };
		CC542B3E1A3719DA0094E5D1 /* Default-568h@2x.png */ = {isa = PBXFileReference; lastKnownFileType = image.png; path = "Default-568h@2x.png"; sourceTree = "<group>"; };
		CC542B3F1A3719DA0094E5D1 /* Default-667h@2x.png */ = {isa = PBXFileReference; lastKnownFileType = image.png; path = "Default-667h@2x.png"; sourceTree = "<group>"; };
		CC542B401A3719DA0094E5D1 /* Default-736h@3x.png */ = {isa = PBXFileReference; lastKnownFileType = image.png; path = "Default-736h@3x.png"; sourceTree = "<group>"; };
/* End PBXFileReference section */

/* Begin PBXFrameworksBuildPhase section */
		3AE5DAA81828FE9600E8EB28 /* Frameworks */ = {
			isa = PBXFrameworksBuildPhase;
			buildActionMask = 2147483647;
			files = (
				3AE5DAB11828FE9600E8EB28 /* CoreGraphics.framework in Frameworks */,
				3AE5DAB31828FE9600E8EB28 /* UIKit.framework in Frameworks */,
				3AE5DAAF1828FE9600E8EB28 /* Foundation.framework in Frameworks */,
			);
			runOnlyForDeploymentPostprocessing = 0;
		};
/* End PBXFrameworksBuildPhase section */

/* Begin PBXGroup section */
		3A09E8EA1997A0C900328A1D /* ICTextView */ = {
			isa = PBXGroup;
			children = (
				3A3C8F6B199FE64C00EA3080 /* ICPreprocessor.h */,
				3A3C8F6C19A150B200EA3080 /* ICRangeUtils.h */,
				3A3C8F6D19A150B200EA3080 /* ICRangeUtils.m */,
				3A3C8F68199FE20200EA3080 /* ICRegularExpression.h */,
				3A3C8F69199FE20200EA3080 /* ICRegularExpression.m */,
				3A09E8EB1997A0C900328A1D /* ICTextView.h */,
				3A09E8EC1997A0C900328A1D /* ICTextView.m */,
			);
			path = ICTextView;
			sourceTree = "<group>";
		};
		3AE5DAA21828FE9600E8EB28 = {
			isa = PBXGroup;
			children = (
				3A09E8EA1997A0C900328A1D /* ICTextView */,
				3AE5DAB41828FE9600E8EB28 /* ICTextViewExample */,
				3AE5DAAD1828FE9600E8EB28 /* Frameworks */,
				3AE5DAAC1828FE9600E8EB28 /* Products */,
			);
			sourceTree = "<group>";
		};
		3AE5DAAC1828FE9600E8EB28 /* Products */ = {
			isa = PBXGroup;
			children = (
				3AE5DAAB1828FE9600E8EB28 /* ICTextViewExample.app */,
			);
			name = Products;
			sourceTree = "<group>";
		};
		3AE5DAAD1828FE9600E8EB28 /* Frameworks */ = {
			isa = PBXGroup;
			children = (
				3AE5DAAE1828FE9600E8EB28 /* Foundation.framework */,
				3AE5DAB01828FE9600E8EB28 /* CoreGraphics.framework */,
				3AE5DAB21828FE9600E8EB28 /* UIKit.framework */,
				3AE5DAC71828FE9600E8EB28 /* XCTest.framework */,
			);
			name = Frameworks;
			sourceTree = "<group>";
		};
		3AE5DAB41828FE9600E8EB28 /* ICTextViewExample */ = {
			isa = PBXGroup;
			children = (
				CC1005021A34D2CD00DB00DD /* Resources */,
				CC1005001A34D2CD00DB00DD /* Preprocessor */,
				CC1004FA1A34D2CD00DB00DD /* Controller */,
				CC1004FF1A34D2CD00DB00DD /* main.m */,
			);
			path = ICTextViewExample;
			sourceTree = "<group>";
		};
		CC1004FA1A34D2CD00DB00DD /* Controller */ = {
			isa = PBXGroup;
			children = (
				CC1004FB1A34D2CD00DB00DD /* ICAppDelegate.h */,
				CC1004FC1A34D2CD00DB00DD /* ICAppDelegate.m */,
				CC1004FD1A34D2CD00DB00DD /* ICViewController.h */,
				CC1004FE1A34D2CD00DB00DD /* ICViewController.m */,
			);
			path = Controller;
			sourceTree = "<group>";
		};
		CC1005001A34D2CD00DB00DD /* Preprocessor */ = {
			isa = PBXGroup;
			children = (
				CC1005081A34D36200DB00DD /* Preprocessor.h */,
				CC1005011A34D2CD00DB00DD /* ICTextViewExample-Prefix.pch */,
			);
			path = Preprocessor;
			sourceTree = "<group>";
		};
		CC1005021A34D2CD00DB00DD /* Resources */ = {
			isa = PBXGroup;
			children = (
				CC542B3E1A3719DA0094E5D1 /* Default-568h@2x.png */,
				CC542B3F1A3719DA0094E5D1 /* Default-667h@2x.png */,
				CC542B401A3719DA0094E5D1 /* Default-736h@3x.png */,
				CC1005031A34D2CD00DB00DD /* ICTextViewExample-Info.plist */,
			);
			path = Resources;
			sourceTree = "<group>";
		};
/* End PBXGroup section */

/* Begin PBXNativeTarget section */
		3AE5DAAA1828FE9600E8EB28 /* ICTextViewExample */ = {
			isa = PBXNativeTarget;
			buildConfigurationList = 3AE5DAD71828FE9600E8EB28 /* Build configuration list for PBXNativeTarget "ICTextViewExample" */;
			buildPhases = (
				3AE5DAA71828FE9600E8EB28 /* Sources */,
				3AE5DAA81828FE9600E8EB28 /* Frameworks */,
				3AE5DAA91828FE9600E8EB28 /* Resources */,
			);
			buildRules = (
			);
			dependencies = (
			);
			name = ICTextViewExample;
			productName = ICTextViewExample;
			productReference = 3AE5DAAB1828FE9600E8EB28 /* ICTextViewExample.app */;
			productType = "com.apple.product-type.application";
		};
/* End PBXNativeTarget section */

/* Begin PBXProject section */
		3AE5DAA31828FE9600E8EB28 /* Project object */ = {
			isa = PBXProject;
			attributes = {
				CLASSPREFIX = IC;
				LastUpgradeCheck = 0700;
				ORGANIZATIONNAME = "Ivano Bilenchi";
			};
			buildConfigurationList = 3AE5DAA61828FE9600E8EB28 /* Build configuration list for PBXProject "ICTextViewExample" */;
			compatibilityVersion = "Xcode 3.2";
			developmentRegion = English;
			hasScannedForEncodings = 0;
			knownRegions = (
				en,
			);
			mainGroup = 3AE5DAA21828FE9600E8EB28;
			productRefGroup = 3AE5DAAC1828FE9600E8EB28 /* Products */;
			projectDirPath = "";
			projectRoot = "";
			targets = (
				3AE5DAAA1828FE9600E8EB28 /* ICTextViewExample */,
			);
		};
/* End PBXProject section */

/* Begin PBXResourcesBuildPhase section */
		3AE5DAA91828FE9600E8EB28 /* Resources */ = {
			isa = PBXResourcesBuildPhase;
			buildActionMask = 2147483647;
			files = (
				CCC580601A307FD100EADAAB /* ICTextView.h in Resources */,
				CC542B421A3719DA0094E5D1 /* Default-667h@2x.png in Resources */,
				CC542B411A3719DA0094E5D1 /* Default-568h@2x.png in Resources */,
				CC542B431A3719DA0094E5D1 /* Default-736h@3x.png in Resources */,
			);
			runOnlyForDeploymentPostprocessing = 0;
		};
/* End PBXResourcesBuildPhase section */

/* Begin PBXSourcesBuildPhase section */
		3AE5DAA71828FE9600E8EB28 /* Sources */ = {
			isa = PBXSourcesBuildPhase;
			buildActionMask = 2147483647;
			files = (
				3A3C8F6A199FE20200EA3080 /* ICRegularExpression.m in Sources */,
				3A3C8F6E19A150B200EA3080 /* ICRangeUtils.m in Sources */,
				3A09E8ED1997A0C900328A1D /* ICTextView.m in Sources */,
				CC1005041A34D2CD00DB00DD /* ICAppDelegate.m in Sources */,
				CC1005051A34D2CD00DB00DD /* ICViewController.m in Sources */,
				CC1005061A34D2CD00DB00DD /* main.m in Sources */,
			);
			runOnlyForDeploymentPostprocessing = 0;
		};
/* End PBXSourcesBuildPhase section */

/* Begin XCBuildConfiguration section */
		3AE5DAD51828FE9600E8EB28 /* Debug */ = {
			isa = XCBuildConfiguration;
			buildSettings = {
				ALWAYS_SEARCH_USER_PATHS = NO;
				CLANG_ANALYZER_SECURITY_FLOATLOOPCOUNTER = YES;
				CLANG_ANALYZER_SECURITY_INSECUREAPI_RAND = YES;
				CLANG_ANALYZER_SECURITY_INSECUREAPI_STRCPY = YES;
				CLANG_CXX_LANGUAGE_STANDARD = "gnu++0x";
				CLANG_CXX_LIBRARY = "libc++";
				CLANG_ENABLE_OBJC_ARC = YES;
				CLANG_WARN_ASSIGN_ENUM = YES;
				CLANG_WARN_BOOL_CONVERSION = YES;
				CLANG_WARN_CONSTANT_CONVERSION = YES;
				CLANG_WARN_DEPRECATED_OBJC_IMPLEMENTATIONS = YES;
				CLANG_WARN_DIRECT_OBJC_ISA_USAGE = YES_ERROR;
				CLANG_WARN_DOCUMENTATION_COMMENTS = YES;
				CLANG_WARN_EMPTY_BODY = YES;
				CLANG_WARN_ENUM_CONVERSION = YES;
				CLANG_WARN_IMPLICIT_SIGN_CONVERSION = YES;
				CLANG_WARN_INT_CONVERSION = YES;
				CLANG_WARN_NULLABLE_TO_NONNULL_CONVERSION = YES;
				CLANG_WARN_OBJC_EXPLICIT_OWNERSHIP_TYPE = YES;
				CLANG_WARN_OBJC_IMPLICIT_ATOMIC_PROPERTIES = YES;
				CLANG_WARN_OBJC_IMPLICIT_RETAIN_SELF = YES;
				CLANG_WARN_OBJC_MISSING_PROPERTY_SYNTHESIS = YES;
				CLANG_WARN_OBJC_RECEIVER_WEAK = YES;
				CLANG_WARN_OBJC_REPEATED_USE_OF_WEAK = YES;
				CLANG_WARN_OBJC_ROOT_CLASS = YES_ERROR;
				CLANG_WARN_SUSPICIOUS_IMPLICIT_CONVERSION = YES;
				CLANG_WARN_UNREACHABLE_CODE = YES;
				CLANG_WARN__DUPLICATE_METHOD_MATCH = YES;
				"CODE_SIGN_IDENTITY[sdk=iphoneos*]" = "iPhone Developer";
				COPY_PHASE_STRIP = NO;
				ENABLE_TESTABILITY = YES;
				GCC_C_LANGUAGE_STANDARD = gnu99;
				GCC_DYNAMIC_NO_PIC = NO;
				GCC_OPTIMIZATION_LEVEL = 0;
				GCC_PREPROCESSOR_DEFINITIONS = (
					"DEBUG=1",
					"$(inherited)",
				);
				GCC_SYMBOLS_PRIVATE_EXTERN = NO;
				GCC_TREAT_IMPLICIT_FUNCTION_DECLARATIONS_AS_ERRORS = YES;
				GCC_TREAT_INCOMPATIBLE_POINTER_TYPE_WARNINGS_AS_ERRORS = YES;
				GCC_WARN_64_TO_32_BIT_CONVERSION = YES;
				GCC_WARN_ABOUT_MISSING_FIELD_INITIALIZERS = YES;
				GCC_WARN_ABOUT_MISSING_NEWLINE = YES;
				GCC_WARN_ABOUT_MISSING_PROTOTYPES = YES;
				GCC_WARN_ABOUT_RETURN_TYPE = YES_ERROR;
				GCC_WARN_FOUR_CHARACTER_CONSTANTS = YES;
				GCC_WARN_INITIALIZER_NOT_FULLY_BRACKETED = YES;
				GCC_WARN_MULTIPLE_DEFINITION_TYPES_FOR_SELECTOR = YES;
				GCC_WARN_SHADOW = YES;
				GCC_WARN_SIGN_COMPARE = YES;
				GCC_WARN_STRICT_SELECTOR_MATCH = YES;
				GCC_WARN_UNDECLARED_SELECTOR = YES;
				GCC_WARN_UNINITIALIZED_AUTOS = YES;
				GCC_WARN_UNKNOWN_PRAGMAS = YES;
				GCC_WARN_UNUSED_FUNCTION = YES;
				GCC_WARN_UNUSED_LABEL = YES;
				GCC_WARN_UNUSED_PARAMETER = YES;
				GCC_WARN_UNUSED_VARIABLE = YES;
				IPHONEOS_DEPLOYMENT_TARGET = 5.0;
				ONLY_ACTIVE_ARCH = YES;
				SDKROOT = iphoneos;
				WARNING_CFLAGS = (
					"-Wall",
					"-Wextra",
				);
			};
			name = Debug;
		};
		3AE5DAD61828FE9600E8EB28 /* Release */ = {
			isa = XCBuildConfiguration;
			buildSettings = {
				ALWAYS_SEARCH_USER_PATHS = NO;
				CLANG_ANALYZER_SECURITY_FLOATLOOPCOUNTER = YES;
				CLANG_ANALYZER_SECURITY_INSECUREAPI_RAND = YES;
				CLANG_ANALYZER_SECURITY_INSECUREAPI_STRCPY = YES;
				CLANG_CXX_LANGUAGE_STANDARD = "gnu++0x";
				CLANG_CXX_LIBRARY = "libc++";
				CLANG_ENABLE_OBJC_ARC = YES;
				CLANG_WARN_ASSIGN_ENUM = YES;
				CLANG_WARN_BOOL_CONVERSION = YES;
				CLANG_WARN_CONSTANT_CONVERSION = YES;
				CLANG_WARN_DEPRECATED_OBJC_IMPLEMENTATIONS = YES;
				CLANG_WARN_DIRECT_OBJC_ISA_USAGE = YES_ERROR;
				CLANG_WARN_DOCUMENTATION_COMMENTS = YES;
				CLANG_WARN_EMPTY_BODY = YES;
				CLANG_WARN_ENUM_CONVERSION = YES;
				CLANG_WARN_IMPLICIT_SIGN_CONVERSION = YES;
				CLANG_WARN_INT_CONVERSION = YES;
				CLANG_WARN_NULLABLE_TO_NONNULL_CONVERSION = YES;
				CLANG_WARN_OBJC_EXPLICIT_OWNERSHIP_TYPE = YES;
				CLANG_WARN_OBJC_IMPLICIT_ATOMIC_PROPERTIES = YES;
				CLANG_WARN_OBJC_IMPLICIT_RETAIN_SELF = YES;
				CLANG_WARN_OBJC_MISSING_PROPERTY_SYNTHESIS = YES;
				CLANG_WARN_OBJC_RECEIVER_WEAK = YES;
				CLANG_WARN_OBJC_REPEATED_USE_OF_WEAK = YES;
				CLANG_WARN_OBJC_ROOT_CLASS = YES_ERROR;
				CLANG_WARN_SUSPICIOUS_IMPLICIT_CONVERSION = YES;
				CLANG_WARN_UNREACHABLE_CODE = YES;
				CLANG_WARN__DUPLICATE_METHOD_MATCH = YES;
				"CODE_SIGN_IDENTITY[sdk=iphoneos*]" = "iPhone Developer";
				COPY_PHASE_STRIP = YES;
				ENABLE_NS_ASSERTIONS = NO;
				GCC_C_LANGUAGE_STANDARD = gnu99;
				GCC_TREAT_IMPLICIT_FUNCTION_DECLARATIONS_AS_ERRORS = YES;
				GCC_TREAT_INCOMPATIBLE_POINTER_TYPE_WARNINGS_AS_ERRORS = YES;
				GCC_WARN_64_TO_32_BIT_CONVERSION = YES;
				GCC_WARN_ABOUT_MISSING_FIELD_INITIALIZERS = YES;
				GCC_WARN_ABOUT_MISSING_NEWLINE = YES;
				GCC_WARN_ABOUT_MISSING_PROTOTYPES = YES;
				GCC_WARN_ABOUT_RETURN_TYPE = YES_ERROR;
				GCC_WARN_FOUR_CHARACTER_CONSTANTS = YES;
				GCC_WARN_INITIALIZER_NOT_FULLY_BRACKETED = YES;
				GCC_WARN_MULTIPLE_DEFINITION_TYPES_FOR_SELECTOR = YES;
				GCC_WARN_SHADOW = YES;
				GCC_WARN_SIGN_COMPARE = YES;
				GCC_WARN_STRICT_SELECTOR_MATCH = YES;
				GCC_WARN_UNDECLARED_SELECTOR = YES;
				GCC_WARN_UNINITIALIZED_AUTOS = YES;
				GCC_WARN_UNKNOWN_PRAGMAS = YES;
				GCC_WARN_UNUSED_FUNCTION = YES;
				GCC_WARN_UNUSED_LABEL = YES;
				GCC_WARN_UNUSED_PARAMETER = YES;
				GCC_WARN_UNUSED_VARIABLE = YES;
				IPHONEOS_DEPLOYMENT_TARGET = 5.0;
				SDKROOT = iphoneos;
				VALIDATE_PRODUCT = YES;
				WARNING_CFLAGS = (
					"-Wall",
					"-Wextra",
				);
			};
			name = Release;
		};
		3AE5DAD81828FE9600E8EB28 /* Debug */ = {
			isa = XCBuildConfiguration;
			buildSettings = {
				ASSETCATALOG_COMPILER_APPICON_NAME = AppIcon;
				ASSETCATALOG_COMPILER_LAUNCHIMAGE_NAME = LaunchImage;
				GCC_PRECOMPILE_PREFIX_HEADER = YES;
				GCC_PREFIX_HEADER = "ICTextViewExample/Preprocessor/ICTextViewExample-Prefix.pch";
				INFOPLIST_FILE = "ICTextViewExample/Resources/ICTextViewExample-Info.plist";
				IPHONEOS_DEPLOYMENT_TARGET = 5.0;
				PRODUCT_BUNDLE_IDENTIFIER = "ICTextView.${PRODUCT_NAME:rfc1034identifier}";
				PRODUCT_NAME = "$(TARGET_NAME)";
				WRAPPER_EXTENSION = app;
			};
			name = Debug;
		};
		3AE5DAD91828FE9600E8EB28 /* Release */ = {
			isa = XCBuildConfiguration;
			buildSettings = {
				ASSETCATALOG_COMPILER_APPICON_NAME = AppIcon;
				ASSETCATALOG_COMPILER_LAUNCHIMAGE_NAME = LaunchImage;
				GCC_PRECOMPILE_PREFIX_HEADER = YES;
				GCC_PREFIX_HEADER = "ICTextViewExample/Preprocessor/ICTextViewExample-Prefix.pch";
				INFOPLIST_FILE = "ICTextViewExample/Resources/ICTextViewExample-Info.plist";
				IPHONEOS_DEPLOYMENT_TARGET = 5.0;
				PRODUCT_BUNDLE_IDENTIFIER = "ICTextView.${PRODUCT_NAME:rfc1034identifier}";
				PRODUCT_NAME = "$(TARGET_NAME)";
				WRAPPER_EXTENSION = app;
			};
			name = Release;
		};
/* End XCBuildConfiguration section */

/* Begin XCConfigurationList section */
		3AE5DAA61828FE9600E8EB28 /* Build configuration list for PBXProject "ICTextViewExample" */ = {
			isa = XCConfigurationList;
			buildConfigurations = (
				3AE5DAD51828FE9600E8EB28 /* Debug */,
				3AE5DAD61828FE9600E8EB28 /* Release */,
			);
			defaultConfigurationIsVisible = 0;
			defaultConfigurationName = Release;
		};
		3AE5DAD71828FE9600E8EB28 /* Build configuration list for PBXNativeTarget "ICTextViewExample" */ = {
			isa = XCConfigurationList;
			buildConfigurations = (
				3AE5DAD81828FE9600E8EB28 /* Debug */,
				3AE5DAD91828FE9600E8EB28 /* Release */,
			);
			defaultConfigurationIsVisible = 0;
			defaultConfigurationName = Release;
		};
/* End XCConfigurationList section */
	};
	rootObject = 3AE5DAA31828FE9600E8EB28 /* Project object */;
}
